// !$*UTF8*$!
{
	archiveVersion = 1;
	classes = {
	};
	objectVersion = 46;
	objects = {

/* Begin PBXBuildFile section */
		D505A3B119DAF6C500278548 /* VHIDButtonCollection.m in Sources */ = {isa = PBXBuildFile; fileRef = D505A3AC19DAF6C500278548 /* VHIDButtonCollection.m */; settings = {COMPILER_FLAGS = "-fno-objc-arc"; }; };
		D505A3B219DAF6C500278548 /* VHIDDevice.m in Sources */ = {isa = PBXBuildFile; fileRef = D505A3AE19DAF6C500278548 /* VHIDDevice.m */; settings = {COMPILER_FLAGS = "-fno-objc-arc"; }; };
		D505A3B319DAF6C500278548 /* VHIDPointerCollection.m in Sources */ = {isa = PBXBuildFile; fileRef = D505A3B019DAF6C500278548 /* VHIDPointerCollection.m */; settings = {COMPILER_FLAGS = "-fno-objc-arc"; }; };
		D5292A0019FDB3E300F44EFA /* InstructionsCell.m in Sources */ = {isa = PBXBuildFile; fileRef = D52929FF19FDB3E300F44EFA /* InstructionsCell.m */; };
		D531A5D719EEC96C00F38A40 /* BLEManager.m in Sources */ = {isa = PBXBuildFile; fileRef = D531A5D619EEC96C00F38A40 /* BLEManager.m */; };
		D531A5E119EF2A5D00F38A40 /* AnalogStick.m in Sources */ = {isa = PBXBuildFile; fileRef = D531A5E019EF2A5D00F38A40 /* AnalogStick.m */; };
		D5446FAE19F1BC2800A84A20 /* SettingsView.m in Sources */ = {isa = PBXBuildFile; fileRef = D5446FAD19F1BC2800A84A20 /* SettingsView.m */; };
		D5446FB119F1BC4200A84A20 /* Cell.m in Sources */ = {isa = PBXBuildFile; fileRef = D5446FB019F1BC4200A84A20 /* Cell.m */; };
		D5446FB419F1D99F00A84A20 /* Lato-Light.ttf in Resources */ = {isa = PBXBuildFile; fileRef = D5446FB319F1D98D00A84A20 /* Lato-Light.ttf */; };
		D552051F19D5C769006CF417 /* Cocoa.framework in Frameworks */ = {isa = PBXBuildFile; fileRef = D552051E19D5C769006CF417 /* Cocoa.framework */; };
		D568D37D18CBFC4D00ED987D /* Foundation.framework in Frameworks */ = {isa = PBXBuildFile; fileRef = D568D37C18CBFC4D00ED987D /* Foundation.framework */; };
		D568D37F18CBFC4D00ED987D /* CoreGraphics.framework in Frameworks */ = {isa = PBXBuildFile; fileRef = D568D37E18CBFC4D00ED987D /* CoreGraphics.framework */; };
		D568D38118CBFC4D00ED987D /* UIKit.framework in Frameworks */ = {isa = PBXBuildFile; fileRef = D568D38018CBFC4D00ED987D /* UIKit.framework */; };
		D568D3B818CC012300ED987D /* CoreBluetooth.framework in Frameworks */ = {isa = PBXBuildFile; fileRef = D568D3B718CC012300ED987D /* CoreBluetooth.framework */; };
		D568D3BA18CC014F00ED987D /* CoreMotion.framework in Frameworks */ = {isa = PBXBuildFile; fileRef = D568D3B918CC014F00ED987D /* CoreMotion.framework */; };
		D5722EF519E393FD009C11AB /* SmallModelView.m in Sources */ = {isa = PBXBuildFile; fileRef = D5722EF419E393FD009C11AB /* SmallModelView.m */; };
		D58833B219FD7456009C196A /* grip.png in Resources */ = {isa = PBXBuildFile; fileRef = D58833B119FD7456009C196A /* grip.png */; };
		D58833B519FD7A01009C196A /* WelcomeCell.m in Sources */ = {isa = PBXBuildFile; fileRef = D58833B419FD7A01009C196A /* WelcomeCell.m */; };
		D58833B819FDA46C009C196A /* apple.png in Resources */ = {isa = PBXBuildFile; fileRef = D58833B619FDA46C009C196A /* apple.png */; };
		D58833B919FDA46C009C196A /* iphone5white.png in Resources */ = {isa = PBXBuildFile; fileRef = D58833B719FDA46C009C196A /* iphone5white.png */; };
		D58833BB19FDA516009C196A /* devices.png in Resources */ = {isa = PBXBuildFile; fileRef = D58833BA19FDA516009C196A /* devices.png */; };
		D5959DA619DBBCD500E5C7A3 /* main.m in Sources */ = {isa = PBXBuildFile; fileRef = D5959DA519DBBCD500E5C7A3 /* main.m */; };
		D5959DAD19DBBCE500E5C7A3 /* AppDelegate.m in Sources */ = {isa = PBXBuildFile; fileRef = D5959DA819DBBCE500E5C7A3 /* AppDelegate.m */; };
		D5959DAE19DBBCE500E5C7A3 /* StatusView.m in Sources */ = {isa = PBXBuildFile; fileRef = D5959DAA19DBBCE500E5C7A3 /* StatusView.m */; };
		D5959DAF19DBBCE500E5C7A3 /* OrientationView.m in Sources */ = {isa = PBXBuildFile; fileRef = D5959DAC19DBBCE500E5C7A3 /* OrientationView.m */; };
		D5959DB219DBBD1500E5C7A3 /* MainMenu.xib in Resources */ = {isa = PBXBuildFile; fileRef = D5959DB019DBBD1500E5C7A3 /* MainMenu.xib */; };
		D5959DB519DBBD5C00E5C7A3 /* InfoPlist.strings in Resources */ = {isa = PBXBuildFile; fileRef = D5959DB319DBBD5C00E5C7A3 /* InfoPlist.strings */; };
		D5959DB719DBBD7800E5C7A3 /* Images.xcassets in Resources */ = {isa = PBXBuildFile; fileRef = D5959DB619DBBD7800E5C7A3 /* Images.xcassets */; };
		D5959DBD19DBBDED00E5C7A3 /* AppDelegate.m in Sources */ = {isa = PBXBuildFile; fileRef = D5959DB919DBBDED00E5C7A3 /* AppDelegate.m */; };
		D5959DBE19DBBDED00E5C7A3 /* main.m in Sources */ = {isa = PBXBuildFile; fileRef = D5959DBA19DBBDED00E5C7A3 /* main.m */; };
		D5959DBF19DBBDED00E5C7A3 /* ViewController.m in Sources */ = {isa = PBXBuildFile; fileRef = D5959DBC19DBBDED00E5C7A3 /* ViewController.m */; };
		D5959DC119DBBE0D00E5C7A3 /* Images.xcassets in Resources */ = {isa = PBXBuildFile; fileRef = D5959DC019DBBE0D00E5C7A3 /* Images.xcassets */; };
		D59EF65A19FEE4F40045EB1C /* leg.png in Resources */ = {isa = PBXBuildFile; fileRef = D59EF65919FEE4F40045EB1C /* leg.png */; };
		D5B5EF7819E701AC00FD99AD /* ScreenView.m in Sources */ = {isa = PBXBuildFile; fileRef = D5B5EF7719E701AC00FD99AD /* ScreenView.m */; };
		D5D8B43119EF503900EFBC1F /* BLEPeripheral.m in Sources */ = {isa = PBXBuildFile; fileRef = D5D8B43019EF503900EFBC1F /* BLEPeripheral.m */; };
		D5E7B43819E5F505005D36E6 /* WirtualJoy.framework in Frameworks */ = {isa = PBXBuildFile; fileRef = D505A3A819DAF62C00278548 /* WirtualJoy.framework */; };
		D5F2FF3F19FE9D480037F4C7 /* DetailCell.m in Sources */ = {isa = PBXBuildFile; fileRef = D5F2FF3E19FE9D480037F4C7 /* DetailCell.m */; };
/* End PBXBuildFile section */

/* Begin PBXContainerItemProxy section */
		D505A3A319DAF62C00278548 /* PBXContainerItemProxy */ = {
			isa = PBXContainerItemProxy;
			containerPortal = D505A38619DAF62C00278548 /* WirtualJoy.xcodeproj */;
			proxyType = 2;
			remoteGlobalIDString = 32D94FD00562CBF700B6AF17;
			remoteInfo = wjoy;
		};
		D505A3A519DAF62C00278548 /* PBXContainerItemProxy */ = {
			isa = PBXContainerItemProxy;
			containerPortal = D505A38619DAF62C00278548 /* WirtualJoy.xcodeproj */;
			proxyType = 2;
			remoteGlobalIDString = 0A46958E15B58CE1003AB8FD;
			remoteInfo = WJoyTool;
		};
		D505A3A719DAF62C00278548 /* PBXContainerItemProxy */ = {
			isa = PBXContainerItemProxy;
			containerPortal = D505A38619DAF62C00278548 /* WirtualJoy.xcodeproj */;
			proxyType = 2;
			remoteGlobalIDString = 0A46960715B593A2003AB8FD;
			remoteInfo = WirtualJoy;
		};
/* End PBXContainerItemProxy section */

/* Begin PBXFileReference section */
		D505A38619DAF62C00278548 /* WirtualJoy.xcodeproj */ = {isa = PBXFileReference; lastKnownFileType = "wrapper.pb-project"; name = WirtualJoy.xcodeproj; path = WJoy/WirtualJoy/WirtualJoy.xcodeproj; sourceTree = "<group>"; };
		D505A3AB19DAF6C500278548 /* VHIDButtonCollection.h */ = {isa = PBXFileReference; fileEncoding = 4; lastKnownFileType = sourcecode.c.h; name = VHIDButtonCollection.h; path = WJoy/VHID/VHIDButtonCollection.h; sourceTree = SOURCE_ROOT; };
		D505A3AC19DAF6C500278548 /* VHIDButtonCollection.m */ = {isa = PBXFileReference; fileEncoding = 4; lastKnownFileType = sourcecode.c.objc; name = VHIDButtonCollection.m; path = WJoy/VHID/VHIDButtonCollection.m; sourceTree = SOURCE_ROOT; };
		D505A3AD19DAF6C500278548 /* VHIDDevice.h */ = {isa = PBXFileReference; fileEncoding = 4; lastKnownFileType = sourcecode.c.h; name = VHIDDevice.h; path = WJoy/VHID/VHIDDevice.h; sourceTree = SOURCE_ROOT; };
		D505A3AE19DAF6C500278548 /* VHIDDevice.m */ = {isa = PBXFileReference; fileEncoding = 4; lastKnownFileType = sourcecode.c.objc; name = VHIDDevice.m; path = WJoy/VHID/VHIDDevice.m; sourceTree = SOURCE_ROOT; };
		D505A3AF19DAF6C500278548 /* VHIDPointerCollection.h */ = {isa = PBXFileReference; fileEncoding = 4; lastKnownFileType = sourcecode.c.h; name = VHIDPointerCollection.h; path = WJoy/VHID/VHIDPointerCollection.h; sourceTree = SOURCE_ROOT; };
		D505A3B019DAF6C500278548 /* VHIDPointerCollection.m */ = {isa = PBXFileReference; fileEncoding = 4; lastKnownFileType = sourcecode.c.objc; name = VHIDPointerCollection.m; path = WJoy/VHID/VHIDPointerCollection.m; sourceTree = SOURCE_ROOT; };
		D52929FE19FDB3E300F44EFA /* InstructionsCell.h */ = {isa = PBXFileReference; fileEncoding = 4; lastKnownFileType = sourcecode.c.h; name = InstructionsCell.h; path = iOS/InstructionsCell.h; sourceTree = SOURCE_ROOT; };
		D52929FF19FDB3E300F44EFA /* InstructionsCell.m */ = {isa = PBXFileReference; fileEncoding = 4; lastKnownFileType = sourcecode.c.objc; name = InstructionsCell.m; path = iOS/InstructionsCell.m; sourceTree = SOURCE_ROOT; };
		D531A5D519EEC96C00F38A40 /* BLEManager.h */ = {isa = PBXFileReference; fileEncoding = 4; lastKnownFileType = sourcecode.c.h; name = BLEManager.h; path = OSX/BLEManager.h; sourceTree = SOURCE_ROOT; };
		D531A5D619EEC96C00F38A40 /* BLEManager.m */ = {isa = PBXFileReference; fileEncoding = 4; lastKnownFileType = sourcecode.c.objc; name = BLEManager.m; path = OSX/BLEManager.m; sourceTree = SOURCE_ROOT; };
		D531A5DF19EF2A5D00F38A40 /* AnalogStick.h */ = {isa = PBXFileReference; fileEncoding = 4; lastKnownFileType = sourcecode.c.h; name = AnalogStick.h; path = OSX/AnalogStick.h; sourceTree = SOURCE_ROOT; };
		D531A5E019EF2A5D00F38A40 /* AnalogStick.m */ = {isa = PBXFileReference; fileEncoding = 4; lastKnownFileType = sourcecode.c.objc; name = AnalogStick.m; path = OSX/AnalogStick.m; sourceTree = SOURCE_ROOT; };
		D5446FAC19F1BC2800A84A20 /* SettingsView.h */ = {isa = PBXFileReference; fileEncoding = 4; lastKnownFileType = sourcecode.c.h; name = SettingsView.h; path = iOS/SettingsView.h; sourceTree = SOURCE_ROOT; };
		D5446FAD19F1BC2800A84A20 /* SettingsView.m */ = {isa = PBXFileReference; fileEncoding = 4; lastKnownFileType = sourcecode.c.objc; name = SettingsView.m; path = iOS/SettingsView.m; sourceTree = SOURCE_ROOT; };
		D5446FAF19F1BC4200A84A20 /* Cell.h */ = {isa = PBXFileReference; fileEncoding = 4; lastKnownFileType = sourcecode.c.h; name = Cell.h; path = iOS/Cell.h; sourceTree = SOURCE_ROOT; };
		D5446FB019F1BC4200A84A20 /* Cell.m */ = {isa = PBXFileReference; fileEncoding = 4; lastKnownFileType = sourcecode.c.objc; name = Cell.m; path = iOS/Cell.m; sourceTree = SOURCE_ROOT; };
		D5446FB319F1D98D00A84A20 /* Lato-Light.ttf */ = {isa = PBXFileReference; lastKnownFileType = file; name = "Lato-Light.ttf"; path = "iOS/Fonts/Lato-Light.ttf"; sourceTree = SOURCE_ROOT; };
		D552051D19D5C769006CF417 /* HoverpadOSX.app */ = {isa = PBXFileReference; explicitFileType = wrapper.application; includeInIndex = 0; path = HoverpadOSX.app; sourceTree = BUILT_PRODUCTS_DIR; };
		D552051E19D5C769006CF417 /* Cocoa.framework */ = {isa = PBXFileReference; lastKnownFileType = wrapper.framework; name = Cocoa.framework; path = Library/Frameworks/Cocoa.framework; sourceTree = DEVELOPER_DIR; };
		D552052119D5C769006CF417 /* AppKit.framework */ = {isa = PBXFileReference; lastKnownFileType = wrapper.framework; name = AppKit.framework; path = Library/Frameworks/AppKit.framework; sourceTree = SDKROOT; };
		D552052219D5C769006CF417 /* CoreData.framework */ = {isa = PBXFileReference; lastKnownFileType = wrapper.framework; name = CoreData.framework; path = Library/Frameworks/CoreData.framework; sourceTree = SDKROOT; };
		D552052319D5C769006CF417 /* Foundation.framework */ = {isa = PBXFileReference; lastKnownFileType = wrapper.framework; name = Foundation.framework; path = Library/Frameworks/Foundation.framework; sourceTree = SDKROOT; };
		D552052619D5C769006CF417 /* Info.plist */ = {isa = PBXFileReference; lastKnownFileType = text.plist; name = Info.plist; path = OSX/Info.plist; sourceTree = "<group>"; };
		D552052C19D5C769006CF417 /* Prefix.pch */ = {isa = PBXFileReference; lastKnownFileType = sourcecode.c.h; name = Prefix.pch; path = OSX/Prefix.pch; sourceTree = "<group>"; };
		D568D37918CBFC4D00ED987D /* Hoverpad.app */ = {isa = PBXFileReference; explicitFileType = wrapper.application; includeInIndex = 0; path = Hoverpad.app; sourceTree = BUILT_PRODUCTS_DIR; };
		D568D37C18CBFC4D00ED987D /* Foundation.framework */ = {isa = PBXFileReference; lastKnownFileType = wrapper.framework; name = Foundation.framework; path = System/Library/Frameworks/Foundation.framework; sourceTree = SDKROOT; };
		D568D37E18CBFC4D00ED987D /* CoreGraphics.framework */ = {isa = PBXFileReference; lastKnownFileType = wrapper.framework; name = CoreGraphics.framework; path = System/Library/Frameworks/CoreGraphics.framework; sourceTree = SDKROOT; };
		D568D38018CBFC4D00ED987D /* UIKit.framework */ = {isa = PBXFileReference; lastKnownFileType = wrapper.framework; name = UIKit.framework; path = System/Library/Frameworks/UIKit.framework; sourceTree = SDKROOT; };
		D568D39E18CBFC4D00ED987D /* XCTest.framework */ = {isa = PBXFileReference; lastKnownFileType = wrapper.framework; name = XCTest.framework; path = Library/Frameworks/XCTest.framework; sourceTree = DEVELOPER_DIR; };
		D568D3B718CC012300ED987D /* CoreBluetooth.framework */ = {isa = PBXFileReference; lastKnownFileType = wrapper.framework; name = CoreBluetooth.framework; path = System/Library/Frameworks/CoreBluetooth.framework; sourceTree = SDKROOT; };
		D568D3B918CC014F00ED987D /* CoreMotion.framework */ = {isa = PBXFileReference; lastKnownFileType = wrapper.framework; name = CoreMotion.framework; path = System/Library/Frameworks/CoreMotion.framework; sourceTree = SDKROOT; };
		D5722EF319E393FD009C11AB /* SmallModelView.h */ = {isa = PBXFileReference; fileEncoding = 4; lastKnownFileType = sourcecode.c.h; name = SmallModelView.h; path = OSX/SmallModelView.h; sourceTree = SOURCE_ROOT; };
		D5722EF419E393FD009C11AB /* SmallModelView.m */ = {isa = PBXFileReference; fileEncoding = 4; lastKnownFileType = sourcecode.c.objc; name = SmallModelView.m; path = OSX/SmallModelView.m; sourceTree = SOURCE_ROOT; };
		D58833B119FD7456009C196A /* grip.png */ = {isa = PBXFileReference; lastKnownFileType = image.png; name = grip.png; path = iOS/Images.xcassets/grip.png; sourceTree = SOURCE_ROOT; };
		D58833B319FD7A01009C196A /* WelcomeCell.h */ = {isa = PBXFileReference; fileEncoding = 4; lastKnownFileType = sourcecode.c.h; name = WelcomeCell.h; path = iOS/WelcomeCell.h; sourceTree = SOURCE_ROOT; };
		D58833B419FD7A01009C196A /* WelcomeCell.m */ = {isa = PBXFileReference; fileEncoding = 4; lastKnownFileType = sourcecode.c.objc; name = WelcomeCell.m; path = iOS/WelcomeCell.m; sourceTree = SOURCE_ROOT; };
		D58833B619FDA46C009C196A /* apple.png */ = {isa = PBXFileReference; lastKnownFileType = image.png; name = apple.png; path = iOS/Images.xcassets/apple.png; sourceTree = SOURCE_ROOT; };
		D58833B719FDA46C009C196A /* iphone5white.png */ = {isa = PBXFileReference; lastKnownFileType = image.png; name = iphone5white.png; path = iOS/Images.xcassets/iphone5white.png; sourceTree = SOURCE_ROOT; };
		D58833BA19FDA516009C196A /* devices.png */ = {isa = PBXFileReference; lastKnownFileType = image.png; name = devices.png; path = iOS/Images.xcassets/devices.png; sourceTree = SOURCE_ROOT; };
		D5959DA519DBBCD500E5C7A3 /* main.m */ = {isa = PBXFileReference; fileEncoding = 4; lastKnownFileType = sourcecode.c.objc; name = main.m; path = OSX/main.m; sourceTree = SOURCE_ROOT; };
		D5959DA719DBBCE500E5C7A3 /* AppDelegate.h */ = {isa = PBXFileReference; fileEncoding = 4; lastKnownFileType = sourcecode.c.h; name = AppDelegate.h; path = OSX/AppDelegate.h; sourceTree = SOURCE_ROOT; };
		D5959DA819DBBCE500E5C7A3 /* AppDelegate.m */ = {isa = PBXFileReference; fileEncoding = 4; lastKnownFileType = sourcecode.c.objc; name = AppDelegate.m; path = OSX/AppDelegate.m; sourceTree = SOURCE_ROOT; };
		D5959DA919DBBCE500E5C7A3 /* StatusView.h */ = {isa = PBXFileReference; fileEncoding = 4; lastKnownFileType = sourcecode.c.h; name = StatusView.h; path = OSX/StatusView.h; sourceTree = SOURCE_ROOT; };
		D5959DAA19DBBCE500E5C7A3 /* StatusView.m */ = {isa = PBXFileReference; fileEncoding = 4; lastKnownFileType = sourcecode.c.objc; name = StatusView.m; path = OSX/StatusView.m; sourceTree = SOURCE_ROOT; };
		D5959DAB19DBBCE500E5C7A3 /* OrientationView.h */ = {isa = PBXFileReference; fileEncoding = 4; lastKnownFileType = sourcecode.c.h; name = OrientationView.h; path = OSX/OrientationView.h; sourceTree = SOURCE_ROOT; };
		D5959DAC19DBBCE500E5C7A3 /* OrientationView.m */ = {isa = PBXFileReference; fileEncoding = 4; lastKnownFileType = sourcecode.c.objc; name = OrientationView.m; path = OSX/OrientationView.m; sourceTree = SOURCE_ROOT; };
		D5959DB119DBBD1500E5C7A3 /* Base */ = {isa = PBXFileReference; lastKnownFileType = file.xib; name = Base; path = OSX/Base.lproj/MainMenu.xib; sourceTree = SOURCE_ROOT; };
		D5959DB419DBBD5C00E5C7A3 /* en */ = {isa = PBXFileReference; lastKnownFileType = text.plist.strings; name = en; path = OSX/en.lproj/InfoPlist.strings; sourceTree = SOURCE_ROOT; };
		D5959DB619DBBD7800E5C7A3 /* Images.xcassets */ = {isa = PBXFileReference; lastKnownFileType = folder.assetcatalog; name = Images.xcassets; path = OSX/Images.xcassets; sourceTree = SOURCE_ROOT; };
		D5959DB819DBBDED00E5C7A3 /* AppDelegate.h */ = {isa = PBXFileReference; fileEncoding = 4; lastKnownFileType = sourcecode.c.h; name = AppDelegate.h; path = iOS/AppDelegate.h; sourceTree = SOURCE_ROOT; };
		D5959DB919DBBDED00E5C7A3 /* AppDelegate.m */ = {isa = PBXFileReference; fileEncoding = 4; lastKnownFileType = sourcecode.c.objc; name = AppDelegate.m; path = iOS/AppDelegate.m; sourceTree = SOURCE_ROOT; };
		D5959DBA19DBBDED00E5C7A3 /* main.m */ = {isa = PBXFileReference; fileEncoding = 4; lastKnownFileType = sourcecode.c.objc; name = main.m; path = iOS/main.m; sourceTree = SOURCE_ROOT; };
		D5959DBB19DBBDED00E5C7A3 /* ViewController.h */ = {isa = PBXFileReference; fileEncoding = 4; lastKnownFileType = sourcecode.c.h; name = ViewController.h; path = iOS/ViewController.h; sourceTree = SOURCE_ROOT; };
		D5959DBC19DBBDED00E5C7A3 /* ViewController.m */ = {isa = PBXFileReference; fileEncoding = 4; lastKnownFileType = sourcecode.c.objc; name = ViewController.m; path = iOS/ViewController.m; sourceTree = SOURCE_ROOT; };
		D5959DC019DBBE0D00E5C7A3 /* Images.xcassets */ = {isa = PBXFileReference; lastKnownFileType = folder.assetcatalog; name = Images.xcassets; path = iOS/Images.xcassets; sourceTree = SOURCE_ROOT; };
		D5959DC219DBBE2600E5C7A3 /* Info.plist */ = {isa = PBXFileReference; fileEncoding = 4; lastKnownFileType = text.plist.xml; name = Info.plist; path = iOS/Info.plist; sourceTree = SOURCE_ROOT; };
		D5959DC519DBBE3A00E5C7A3 /* en */ = {isa = PBXFileReference; lastKnownFileType = text.plist.strings; name = en; path = iOS/en.lproj/InfoPlist.strings; sourceTree = SOURCE_ROOT; };
		D5959DC719DBBE4700E5C7A3 /* Prefix.pch */ = {isa = PBXFileReference; lastKnownFileType = sourcecode.c.h; name = Prefix.pch; path = iOS/Prefix.pch; sourceTree = SOURCE_ROOT; };
		D59EF65919FEE4F40045EB1C /* leg.png */ = {isa = PBXFileReference; lastKnownFileType = image.png; name = leg.png; path = iOS/Images.xcassets/leg.png; sourceTree = SOURCE_ROOT; };
		D5B5EF7619E701AC00FD99AD /* ScreenView.h */ = {isa = PBXFileReference; fileEncoding = 4; lastKnownFileType = sourcecode.c.h; name = ScreenView.h; path = iOS/ScreenView.h; sourceTree = SOURCE_ROOT; };
		D5B5EF7719E701AC00FD99AD /* ScreenView.m */ = {isa = PBXFileReference; fileEncoding = 4; lastKnownFileType = sourcecode.c.objc; name = ScreenView.m; path = iOS/ScreenView.m; sourceTree = SOURCE_ROOT; };
		D5C9F8BA19E8E7EF002D4AC4 /* noise.c */ = {isa = PBXFileReference; fileEncoding = 4; lastKnownFileType = sourcecode.c.c; name = noise.c; path = iOS/noise.c; sourceTree = SOURCE_ROOT; };
		D5C9F8BB19E8E7EF002D4AC4 /* noise.h */ = {isa = PBXFileReference; fileEncoding = 4; lastKnownFileType = sourcecode.c.h; name = noise.h; path = iOS/noise.h; sourceTree = SOURCE_ROOT; };
		D5D8B42F19EF503900EFBC1F /* BLEPeripheral.h */ = {isa = PBXFileReference; fileEncoding = 4; lastKnownFileType = sourcecode.c.h; name = BLEPeripheral.h; path = iOS/BLEPeripheral.h; sourceTree = SOURCE_ROOT; };
		D5D8B43019EF503900EFBC1F /* BLEPeripheral.m */ = {isa = PBXFileReference; fileEncoding = 4; lastKnownFileType = sourcecode.c.objc; name = BLEPeripheral.m; path = iOS/BLEPeripheral.m; sourceTree = SOURCE_ROOT; };
		D5F2FF3D19FE9D480037F4C7 /* DetailCell.h */ = {isa = PBXFileReference; fileEncoding = 4; lastKnownFileType = sourcecode.c.h; name = DetailCell.h; path = iOS/DetailCell.h; sourceTree = SOURCE_ROOT; };
		D5F2FF3E19FE9D480037F4C7 /* DetailCell.m */ = {isa = PBXFileReference; fileEncoding = 4; lastKnownFileType = sourcecode.c.objc; name = DetailCell.m; path = iOS/DetailCell.m; sourceTree = SOURCE_ROOT; };
/* End PBXFileReference section */

/* Begin PBXFrameworksBuildPhase section */
		D552051A19D5C769006CF417 /* Frameworks */ = {
			isa = PBXFrameworksBuildPhase;
			buildActionMask = 2147483647;
			files = (
				D5E7B43819E5F505005D36E6 /* WirtualJoy.framework in Frameworks */,
				D552051F19D5C769006CF417 /* Cocoa.framework in Frameworks */,
			);
			runOnlyForDeploymentPostprocessing = 0;
		};
		D568D37618CBFC4D00ED987D /* Frameworks */ = {
			isa = PBXFrameworksBuildPhase;
			buildActionMask = 2147483647;
			files = (
				D568D3BA18CC014F00ED987D /* CoreMotion.framework in Frameworks */,
				D568D3B818CC012300ED987D /* CoreBluetooth.framework in Frameworks */,
				D568D37F18CBFC4D00ED987D /* CoreGraphics.framework in Frameworks */,
				D568D38118CBFC4D00ED987D /* UIKit.framework in Frameworks */,
				D568D37D18CBFC4D00ED987D /* Foundation.framework in Frameworks */,
			);
			runOnlyForDeploymentPostprocessing = 0;
		};
/* End PBXFrameworksBuildPhase section */

/* Begin PBXGroup section */
		D505A38719DAF62C00278548 /* Products */ = {
			isa = PBXGroup;
			children = (
				D505A3A419DAF62C00278548 /* wjoy.kext */,
				D505A3A619DAF62C00278548 /* WJoyTool */,
				D505A3A819DAF62C00278548 /* WirtualJoy.framework */,
			);
			name = Products;
			sourceTree = "<group>";
		};
		D505A3B419DAF6C800278548 /* VHID */ = {
			isa = PBXGroup;
			children = (
				D505A3AD19DAF6C500278548 /* VHIDDevice.h */,
				D505A3AE19DAF6C500278548 /* VHIDDevice.m */,
				D505A3AB19DAF6C500278548 /* VHIDButtonCollection.h */,
				D505A3AC19DAF6C500278548 /* VHIDButtonCollection.m */,
				D505A3AF19DAF6C500278548 /* VHIDPointerCollection.h */,
				D505A3B019DAF6C500278548 /* VHIDPointerCollection.m */,
			);
			name = VHID;
			sourceTree = "<group>";
		};
		D531A5DB19EEC97200F38A40 /* Views */ = {
			isa = PBXGroup;
			children = (
				D5959DA919DBBCE500E5C7A3 /* StatusView.h */,
				D5959DAA19DBBCE500E5C7A3 /* StatusView.m */,
				D5959DAB19DBBCE500E5C7A3 /* OrientationView.h */,
				D5959DAC19DBBCE500E5C7A3 /* OrientationView.m */,
				D5722EF319E393FD009C11AB /* SmallModelView.h */,
				D5722EF419E393FD009C11AB /* SmallModelView.m */,
			);
			name = Views;
			sourceTree = "<group>";
		};
		D5446FB519F1E96E00A84A20 /* Settings */ = {
			isa = PBXGroup;
			children = (
				D5446FAC19F1BC2800A84A20 /* SettingsView.h */,
				D5446FAD19F1BC2800A84A20 /* SettingsView.m */,
				D5F2FF4319FE9D4E0037F4C7 /* TableCells */,
				D58833B619FDA46C009C196A /* apple.png */,
				D59EF65919FEE4F40045EB1C /* leg.png */,
				D58833BA19FDA516009C196A /* devices.png */,
				D58833B719FDA46C009C196A /* iphone5white.png */,
				D58833B119FD7456009C196A /* grip.png */,
			);
			name = Settings;
			sourceTree = "<group>";
		};
		D552052019D5C769006CF417 /* Other Frameworks */ = {
			isa = PBXGroup;
			children = (
				D552052119D5C769006CF417 /* AppKit.framework */,
				D552052219D5C769006CF417 /* CoreData.framework */,
				D552052319D5C769006CF417 /* Foundation.framework */,
			);
			name = "Other Frameworks";
			sourceTree = "<group>";
		};
		D552052419D5C769006CF417 /* OSX */ = {
			isa = PBXGroup;
			children = (
				D5959DB019DBBD1500E5C7A3 /* MainMenu.xib */,
				D5959DA719DBBCE500E5C7A3 /* AppDelegate.h */,
				D5959DA819DBBCE500E5C7A3 /* AppDelegate.m */,
				D531A5DF19EF2A5D00F38A40 /* AnalogStick.h */,
				D531A5E019EF2A5D00F38A40 /* AnalogStick.m */,
				D531A5D519EEC96C00F38A40 /* BLEManager.h */,
				D531A5D619EEC96C00F38A40 /* BLEManager.m */,
				D531A5DB19EEC97200F38A40 /* Views */,
				D5959DB619DBBD7800E5C7A3 /* Images.xcassets */,
				D505A3B419DAF6C800278548 /* VHID */,
				D552052519D5C769006CF417 /* Supporting Files */,
			);
			name = OSX;
			path = PilotPodOSX;
			sourceTree = "<group>";
		};
		D552052519D5C769006CF417 /* Supporting Files */ = {
			isa = PBXGroup;
			children = (
				D552052619D5C769006CF417 /* Info.plist */,
				D5959DB319DBBD5C00E5C7A3 /* InfoPlist.strings */,
				D5959DA519DBBCD500E5C7A3 /* main.m */,
				D552052C19D5C769006CF417 /* Prefix.pch */,
			);
			name = "Supporting Files";
			sourceTree = "<group>";
		};
		D568D37018CBFC4D00ED987D = {
			isa = PBXGroup;
			children = (
				D568D38218CBFC4D00ED987D /* iOS */,
				D552052419D5C769006CF417 /* OSX */,
				D568D37B18CBFC4D00ED987D /* Frameworks */,
				D568D37A18CBFC4D00ED987D /* Products */,
			);
			sourceTree = "<group>";
		};
		D568D37A18CBFC4D00ED987D /* Products */ = {
			isa = PBXGroup;
			children = (
				D568D37918CBFC4D00ED987D /* Hoverpad.app */,
				D552051D19D5C769006CF417 /* HoverpadOSX.app */,
			);
			name = Products;
			sourceTree = "<group>";
		};
		D568D37B18CBFC4D00ED987D /* Frameworks */ = {
			isa = PBXGroup;
			children = (
				D505A38619DAF62C00278548 /* WirtualJoy.xcodeproj */,
				D568D3B918CC014F00ED987D /* CoreMotion.framework */,
				D568D3B718CC012300ED987D /* CoreBluetooth.framework */,
				D568D37C18CBFC4D00ED987D /* Foundation.framework */,
				D568D37E18CBFC4D00ED987D /* CoreGraphics.framework */,
				D568D38018CBFC4D00ED987D /* UIKit.framework */,
				D568D39E18CBFC4D00ED987D /* XCTest.framework */,
				D552051E19D5C769006CF417 /* Cocoa.framework */,
				D552052019D5C769006CF417 /* Other Frameworks */,
			);
			name = Frameworks;
			sourceTree = "<group>";
		};
		D568D38218CBFC4D00ED987D /* iOS */ = {
			isa = PBXGroup;
			children = (
				D5959DB819DBBDED00E5C7A3 /* AppDelegate.h */,
				D5959DB919DBBDED00E5C7A3 /* AppDelegate.m */,
				D5959DBB19DBBDED00E5C7A3 /* ViewController.h */,
				D5959DBC19DBBDED00E5C7A3 /* ViewController.m */,
				D5D8B42F19EF503900EFBC1F /* BLEPeripheral.h */,
				D5D8B43019EF503900EFBC1F /* BLEPeripheral.m */,
				D5B5EF7619E701AC00FD99AD /* ScreenView.h */,
				D5B5EF7719E701AC00FD99AD /* ScreenView.m */,
				D5446FB519F1E96E00A84A20 /* Settings */,
				D5C9F8BB19E8E7EF002D4AC4 /* noise.h */,
				D5C9F8BA19E8E7EF002D4AC4 /* noise.c */,
				D5446FB319F1D98D00A84A20 /* Lato-Light.ttf */,
				D5959DC019DBBE0D00E5C7A3 /* Images.xcassets */,
				D568D38318CBFC4D00ED987D /* Supporting Files */,
			);
			name = iOS;
			path = PilotPod;
			sourceTree = "<group>";
		};
		D568D38318CBFC4D00ED987D /* Supporting Files */ = {
			isa = PBXGroup;
			children = (
				D5959DBA19DBBDED00E5C7A3 /* main.m */,
				D5959DC419DBBE3A00E5C7A3 /* InfoPlist.strings */,
				D5959DC719DBBE4700E5C7A3 /* Prefix.pch */,
				D5959DC219DBBE2600E5C7A3 /* Info.plist */,
			);
			name = "Supporting Files";
			sourceTree = "<group>";
		};
		D5F2FF4319FE9D4E0037F4C7 /* TableCells */ = {
			isa = PBXGroup;
			children = (
				D5446FAF19F1BC4200A84A20 /* Cell.h */,
				D5446FB019F1BC4200A84A20 /* Cell.m */,
				D5F2FF3D19FE9D480037F4C7 /* DetailCell.h */,
				D5F2FF3E19FE9D480037F4C7 /* DetailCell.m */,
				D58833B319FD7A01009C196A /* WelcomeCell.h */,
				D58833B419FD7A01009C196A /* WelcomeCell.m */,
				D52929FE19FDB3E300F44EFA /* InstructionsCell.h */,
				D52929FF19FDB3E300F44EFA /* InstructionsCell.m */,
			);
			name = TableCells;
			sourceTree = "<group>";
		};
/* End PBXGroup section */

/* Begin PBXNativeTarget section */
		D552051C19D5C769006CF417 /* HoverpadOSX */ = {
			isa = PBXNativeTarget;
			buildConfigurationList = D552054919D5C769006CF417 /* Build configuration list for PBXNativeTarget "HoverpadOSX" */;
			buildPhases = (
				D552051919D5C769006CF417 /* Sources */,
				D552051A19D5C769006CF417 /* Frameworks */,
				D552051B19D5C769006CF417 /* Resources */,
			);
			buildRules = (
			);
			dependencies = (
			);
			name = HoverpadOSX;
			productName = PilotPodOSX;
			productReference = D552051D19D5C769006CF417 /* HoverpadOSX.app */;
			productType = "com.apple.product-type.application";
		};
		D568D37818CBFC4D00ED987D /* Hoverpad */ = {
			isa = PBXNativeTarget;
			buildConfigurationList = D568D3AE18CBFC4D00ED987D /* Build configuration list for PBXNativeTarget "Hoverpad" */;
			buildPhases = (
				D568D37518CBFC4D00ED987D /* Sources */,
				D568D37618CBFC4D00ED987D /* Frameworks */,
				D568D37718CBFC4D00ED987D /* Resources */,
			);
			buildRules = (
			);
			dependencies = (
			);
			name = Hoverpad;
			productName = PilotPod;
			productReference = D568D37918CBFC4D00ED987D /* Hoverpad.app */;
			productType = "com.apple.product-type.application";
		};
/* End PBXNativeTarget section */

/* Begin PBXProject section */
		D568D37118CBFC4D00ED987D /* Project object */ = {
			isa = PBXProject;
			attributes = {
				LastUpgradeCheck = 0600;
				ORGANIZATIONNAME = "Robby Kraft";
				TargetAttributes = {
					D568D37818CBFC4D00ED987D = {
						DevelopmentTeam = 78C98TD784;
					};
				};
			};
			buildConfigurationList = D568D37418CBFC4D00ED987D /* Build configuration list for PBXProject "Hoverpad" */;
			compatibilityVersion = "Xcode 3.2";
			developmentRegion = English;
			hasScannedForEncodings = 0;
			knownRegions = (
				en,
				Base,
			);
			mainGroup = D568D37018CBFC4D00ED987D;
			productRefGroup = D568D37A18CBFC4D00ED987D /* Products */;
			projectDirPath = "";
			projectReferences = (
				{
					ProductGroup = D505A38719DAF62C00278548 /* Products */;
					ProjectRef = D505A38619DAF62C00278548 /* WirtualJoy.xcodeproj */;
				},
			);
			projectRoot = "";
			targets = (
				D568D37818CBFC4D00ED987D /* Hoverpad */,
				D552051C19D5C769006CF417 /* HoverpadOSX */,
			);
		};
/* End PBXProject section */

/* Begin PBXReferenceProxy section */
		D505A3A419DAF62C00278548 /* wjoy.kext */ = {
			isa = PBXReferenceProxy;
			fileType = wrapper.cfbundle;
			path = wjoy.kext;
			remoteRef = D505A3A319DAF62C00278548 /* PBXContainerItemProxy */;
			sourceTree = BUILT_PRODUCTS_DIR;
		};
		D505A3A619DAF62C00278548 /* WJoyTool */ = {
			isa = PBXReferenceProxy;
			fileType = "compiled.mach-o.executable";
			path = WJoyTool;
			remoteRef = D505A3A519DAF62C00278548 /* PBXContainerItemProxy */;
			sourceTree = BUILT_PRODUCTS_DIR;
		};
		D505A3A819DAF62C00278548 /* WirtualJoy.framework */ = {
			isa = PBXReferenceProxy;
			fileType = wrapper.framework;
			path = WirtualJoy.framework;
			remoteRef = D505A3A719DAF62C00278548 /* PBXContainerItemProxy */;
			sourceTree = BUILT_PRODUCTS_DIR;
		};
/* End PBXReferenceProxy section */

/* Begin PBXResourcesBuildPhase section */
		D552051B19D5C769006CF417 /* Resources */ = {
			isa = PBXResourcesBuildPhase;
			buildActionMask = 2147483647;
			files = (
				D5959DB719DBBD7800E5C7A3 /* Images.xcassets in Resources */,
				D5959DB519DBBD5C00E5C7A3 /* InfoPlist.strings in Resources */,
				D5959DB219DBBD1500E5C7A3 /* MainMenu.xib in Resources */,
			);
			runOnlyForDeploymentPostprocessing = 0;
		};
		D568D37718CBFC4D00ED987D /* Resources */ = {
			isa = PBXResourcesBuildPhase;
			buildActionMask = 2147483647;
			files = (
				D5959DC119DBBE0D00E5C7A3 /* Images.xcassets in Resources */,
				D5446FB419F1D99F00A84A20 /* Lato-Light.ttf in Resources */,
				D58833B819FDA46C009C196A /* apple.png in Resources */,
				D58833BB19FDA516009C196A /* devices.png in Resources */,
				D59EF65A19FEE4F40045EB1C /* leg.png in Resources */,
				D58833B219FD7456009C196A /* grip.png in Resources */,
				D58833B919FDA46C009C196A /* iphone5white.png in Resources */,
			);
			runOnlyForDeploymentPostprocessing = 0;
		};
/* End PBXResourcesBuildPhase section */

/* Begin PBXSourcesBuildPhase section */
		D552051919D5C769006CF417 /* Sources */ = {
			isa = PBXSourcesBuildPhase;
			buildActionMask = 2147483647;
			files = (
				D5959DA619DBBCD500E5C7A3 /* main.m in Sources */,
				D5959DAD19DBBCE500E5C7A3 /* AppDelegate.m in Sources */,
				D531A5D719EEC96C00F38A40 /* BLEManager.m in Sources */,
				D5959DAF19DBBCE500E5C7A3 /* OrientationView.m in Sources */,
				D5959DAE19DBBCE500E5C7A3 /* StatusView.m in Sources */,
				D5722EF519E393FD009C11AB /* SmallModelView.m in Sources */,
				D531A5E119EF2A5D00F38A40 /* AnalogStick.m in Sources */,
				D505A3B319DAF6C500278548 /* VHIDPointerCollection.m in Sources */,
				D505A3B119DAF6C500278548 /* VHIDButtonCollection.m in Sources */,
				D505A3B219DAF6C500278548 /* VHIDDevice.m in Sources */,
			);
			runOnlyForDeploymentPostprocessing = 0;
		};
		D568D37518CBFC4D00ED987D /* Sources */ = {
			isa = PBXSourcesBuildPhase;
			buildActionMask = 2147483647;
			files = (
				D5B5EF7819E701AC00FD99AD /* ScreenView.m in Sources */,
				D5959DBF19DBBDED00E5C7A3 /* ViewController.m in Sources */,
				D5959DBE19DBBDED00E5C7A3 /* main.m in Sources */,
				D5D8B43119EF503900EFBC1F /* BLEPeripheral.m in Sources */,
				D5959DBD19DBBDED00E5C7A3 /* AppDelegate.m in Sources */,
				D5292A0019FDB3E300F44EFA /* InstructionsCell.m in Sources */,
				D5F2FF3F19FE9D480037F4C7 /* DetailCell.m in Sources */,
				D5446FAE19F1BC2800A84A20 /* SettingsView.m in Sources */,
				D58833B519FD7A01009C196A /* WelcomeCell.m in Sources */,
				D5446FB119F1BC4200A84A20 /* Cell.m in Sources */,
			);
			runOnlyForDeploymentPostprocessing = 0;
		};
/* End PBXSourcesBuildPhase section */

/* Begin PBXVariantGroup section */
		D5959DB019DBBD1500E5C7A3 /* MainMenu.xib */ = {
			isa = PBXVariantGroup;
			children = (
				D5959DB119DBBD1500E5C7A3 /* Base */,
			);
			name = MainMenu.xib;
			sourceTree = "<group>";
		};
		D5959DB319DBBD5C00E5C7A3 /* InfoPlist.strings */ = {
			isa = PBXVariantGroup;
			children = (
				D5959DB419DBBD5C00E5C7A3 /* en */,
			);
			name = InfoPlist.strings;
			sourceTree = "<group>";
		};
		D5959DC419DBBE3A00E5C7A3 /* InfoPlist.strings */ = {
			isa = PBXVariantGroup;
			children = (
				D5959DC519DBBE3A00E5C7A3 /* en */,
			);
			name = InfoPlist.strings;
			sourceTree = "<group>";
		};
/* End PBXVariantGroup section */

/* Begin XCBuildConfiguration section */
		D552054A19D5C769006CF417 /* Debug */ = {
			isa = XCBuildConfiguration;
			buildSettings = {
				ASSETCATALOG_COMPILER_APPICON_NAME = AppIcon;
				COMBINE_HIDPI_IMAGES = YES;
				FRAMEWORK_SEARCH_PATHS = (
					"$(inherited)",
					"$(DEVELOPER_FRAMEWORKS_DIR)",
				);
				GCC_ENABLE_OBJC_EXCEPTIONS = YES;
				GCC_PRECOMPILE_PREFIX_HEADER = YES;
				GCC_PREFIX_HEADER = OSX/Prefix.pch;
				GCC_PREPROCESSOR_DEFINITIONS = (
					"DEBUG=1",
					"$(inherited)",
				);
				GCC_WARN_UNINITIALIZED_AUTOS = YES_AGGRESSIVE;
				INFOPLIST_FILE = OSX/Info.plist;
				MACOSX_DEPLOYMENT_TARGET = 10.9;
				PRODUCT_NAME = HoverpadOSX;
				SDKROOT = macosx;
				WRAPPER_EXTENSION = app;
			};
			name = Debug;
		};
		D552054B19D5C769006CF417 /* Release */ = {
			isa = XCBuildConfiguration;
			buildSettings = {
				ASSETCATALOG_COMPILER_APPICON_NAME = AppIcon;
				COMBINE_HIDPI_IMAGES = YES;
				DEBUG_INFORMATION_FORMAT = "dwarf-with-dsym";
				FRAMEWORK_SEARCH_PATHS = (
					"$(inherited)",
					"$(DEVELOPER_FRAMEWORKS_DIR)",
				);
				GCC_ENABLE_OBJC_EXCEPTIONS = YES;
				GCC_PRECOMPILE_PREFIX_HEADER = YES;
				GCC_PREFIX_HEADER = OSX/Prefix.pch;
				GCC_WARN_UNINITIALIZED_AUTOS = YES_AGGRESSIVE;
				INFOPLIST_FILE = OSX/Info.plist;
				MACOSX_DEPLOYMENT_TARGET = 10.9;
				PRODUCT_NAME = HoverpadOSX;
				SDKROOT = macosx;
				WRAPPER_EXTENSION = app;
			};
			name = Release;
		};
		D568D3AC18CBFC4D00ED987D /* Debug */ = {
			isa = XCBuildConfiguration;
			buildSettings = {
				ALWAYS_SEARCH_USER_PATHS = NO;
				CLANG_CXX_LANGUAGE_STANDARD = "gnu++0x";
				CLANG_CXX_LIBRARY = "libc++";
				CLANG_ENABLE_MODULES = YES;
				CLANG_ENABLE_OBJC_ARC = YES;
				CLANG_WARN_BOOL_CONVERSION = YES;
				CLANG_WARN_CONSTANT_CONVERSION = YES;
				CLANG_WARN_DIRECT_OBJC_ISA_USAGE = YES_ERROR;
				CLANG_WARN_EMPTY_BODY = YES;
				CLANG_WARN_ENUM_CONVERSION = YES;
				CLANG_WARN_INT_CONVERSION = YES;
				CLANG_WARN_OBJC_ROOT_CLASS = YES_ERROR;
				CLANG_WARN__DUPLICATE_METHOD_MATCH = YES;
				"CODE_SIGN_IDENTITY[sdk=iphoneos*]" = "iPhone Developer";
				COPY_PHASE_STRIP = NO;
				GCC_C_LANGUAGE_STANDARD = gnu99;
				GCC_DYNAMIC_NO_PIC = NO;
				GCC_OPTIMIZATION_LEVEL = 0;
				GCC_PREPROCESSOR_DEFINITIONS = (
					"DEBUG=1",
					"$(inherited)",
				);
				GCC_SYMBOLS_PRIVATE_EXTERN = NO;
				GCC_WARN_64_TO_32_BIT_CONVERSION = YES;
				GCC_WARN_ABOUT_RETURN_TYPE = YES_ERROR;
				GCC_WARN_UNDECLARED_SELECTOR = YES;
				GCC_WARN_UNINITIALIZED_AUTOS = YES;
				GCC_WARN_UNUSED_FUNCTION = YES;
				GCC_WARN_UNUSED_VARIABLE = YES;
				IPHONEOS_DEPLOYMENT_TARGET = 7.0;
				ONLY_ACTIVE_ARCH = YES;
				SDKROOT = iphoneos;
				TARGETED_DEVICE_FAMILY = "1,2";
			};
			name = Debug;
		};
		D568D3AD18CBFC4D00ED987D /* Release */ = {
			isa = XCBuildConfiguration;
			buildSettings = {
				ALWAYS_SEARCH_USER_PATHS = NO;
				CLANG_CXX_LANGUAGE_STANDARD = "gnu++0x";
				CLANG_CXX_LIBRARY = "libc++";
				CLANG_ENABLE_MODULES = YES;
				CLANG_ENABLE_OBJC_ARC = YES;
				CLANG_WARN_BOOL_CONVERSION = YES;
				CLANG_WARN_CONSTANT_CONVERSION = YES;
				CLANG_WARN_DIRECT_OBJC_ISA_USAGE = YES_ERROR;
				CLANG_WARN_EMPTY_BODY = YES;
				CLANG_WARN_ENUM_CONVERSION = YES;
				CLANG_WARN_INT_CONVERSION = YES;
				CLANG_WARN_OBJC_ROOT_CLASS = YES_ERROR;
				CLANG_WARN__DUPLICATE_METHOD_MATCH = YES;
				"CODE_SIGN_IDENTITY[sdk=iphoneos*]" = "iPhone Developer";
				COPY_PHASE_STRIP = YES;
				ENABLE_NS_ASSERTIONS = NO;
				GCC_C_LANGUAGE_STANDARD = gnu99;
				GCC_WARN_64_TO_32_BIT_CONVERSION = YES;
				GCC_WARN_ABOUT_RETURN_TYPE = YES_ERROR;
				GCC_WARN_UNDECLARED_SELECTOR = YES;
				GCC_WARN_UNINITIALIZED_AUTOS = YES;
				GCC_WARN_UNUSED_FUNCTION = YES;
				GCC_WARN_UNUSED_VARIABLE = YES;
				IPHONEOS_DEPLOYMENT_TARGET = 7.0;
				SDKROOT = iphoneos;
				TARGETED_DEVICE_FAMILY = "1,2";
				VALIDATE_PRODUCT = YES;
			};
			name = Release;
		};
		D568D3AF18CBFC4D00ED987D /* Debug */ = {
			isa = XCBuildConfiguration;
			buildSettings = {
				ASSETCATALOG_COMPILER_APPICON_NAME = AppIcon;
				ASSETCATALOG_COMPILER_LAUNCHIMAGE_NAME = LaunchImage;
				GCC_PRECOMPILE_PREFIX_HEADER = YES;
				GCC_PREFIX_HEADER = iOS/Prefix.pch;
				INFOPLIST_FILE = iOS/Info.plist;
				IPHONEOS_DEPLOYMENT_TARGET = 7.1;
				PRODUCT_NAME = Hoverpad;
				WRAPPER_EXTENSION = app;
			};
			name = Debug;
		};
		D568D3B018CBFC4D00ED987D /* Release */ = {
			isa = XCBuildConfiguration;
			buildSettings = {
				ASSETCATALOG_COMPILER_APPICON_NAME = AppIcon;
				ASSETCATALOG_COMPILER_LAUNCHIMAGE_NAME = LaunchImage;
				GCC_PRECOMPILE_PREFIX_HEADER = YES;
				GCC_PREFIX_HEADER = iOS/Prefix.pch;
				INFOPLIST_FILE = iOS/Info.plist;
				IPHONEOS_DEPLOYMENT_TARGET = 7.1;
				PRODUCT_NAME = Hoverpad;
				WRAPPER_EXTENSION = app;
			};
			name = Release;
		};
/* End XCBuildConfiguration section */

/* Begin XCConfigurationList section */
		D552054919D5C769006CF417 /* Build configuration list for PBXNativeTarget "HoverpadOSX" */ = {
			isa = XCConfigurationList;
			buildConfigurations = (
				D552054A19D5C769006CF417 /* Debug */,
				D552054B19D5C769006CF417 /* Release */,
			);
			defaultConfigurationIsVisible = 0;
			defaultConfigurationName = Release;
		};
		D568D37418CBFC4D00ED987D /* Build configuration list for PBXProject "Hoverpad" */ = {
			isa = XCConfigurationList;
			buildConfigurations = (
				D568D3AC18CBFC4D00ED987D /* Debug */,
				D568D3AD18CBFC4D00ED987D /* Release */,
			);
			defaultConfigurationIsVisible = 0;
			defaultConfigurationName = Release;
		};
		D568D3AE18CBFC4D00ED987D /* Build configuration list for PBXNativeTarget "Hoverpad" */ = {
			isa = XCConfigurationList;
			buildConfigurations = (
				D568D3AF18CBFC4D00ED987D /* Debug */,
				D568D3B018CBFC4D00ED987D /* Release */,
			);
			defaultConfigurationIsVisible = 0;
			defaultConfigurationName = Release;
		};
/* End XCConfigurationList section */
	};
	rootObject = D568D37118CBFC4D00ED987D /* Project object */;
}
